
Microsoft Visual Studio Solution File, Format Version 12.00
# Visual Studio 15
VisualStudioVersion = 15.0.26730.12
MinimumVisualStudioVersion = 10.0.40219.1
Project("{FAE04EC0-301F-11D3-BF4B-00C04F79EFBC}") = "Week6Test", "Week6Test\Week6Test.csproj", "{0338D020-560A-4D15-8987-4AC7C8ECE009}"
EndProject
Global
	GlobalSection(SolutionConfigurationPlatforms) = preSolution
		Debug|Any CPU = Debug|Any CPU
		Release|Any CPU = Release|Any CPU
	EndGlobalSection
	GlobalSection(ProjectConfigurationPlatforms) = postSolution
		{0338D020-560A-4D15-8987-4AC7C8ECE009}.Debug|Any CPU.ActiveCfg = Debug|Any CPU
		{0338D020-560A-4D15-8987-4AC7C8ECE009}.Debug|Any CPU.Build.0 = Debug|Any CPU
		{0338D020-560A-4D15-8987-4AC7C8ECE009}.Release|Any CPU.ActiveCfg = Release|Any CPU
		{0338D020-560A-4D15-8987-4AC7C8ECE009}.Release|Any CPU.Build.0 = Release|Any CPU
	EndGlobalSection
	GlobalSection(SolutionProperties) = preSolution
		HideSolutionNode = FALSE
	EndGlobalSection
	GlobalSection(ExtensibilityGlobals) = postSolution
		SolutionGuid = {54257D7F-3EA1-4B09-BE69-67704416E34D}
	EndGlobalSection
EndGlobal
